
Microsoft Visual Studio Solution File, Format Version 12.00
# Visual Studio Version 16
VisualStudioVersion = 16.0.29806.167
MinimumVisualStudioVersion = 10.0.40219.1
Project("{FAE04EC0-301F-11D3-BF4B-00C04F79EFBC}") = "TipoPagina.UWP", "TipoPagina\TipoPagina.UWP\TipoPagina.UWP.csproj", "{E1D7910F-A29A-448E-B8AA-5C504E01312C}"
EndProject
Project("{FAE04EC0-301F-11D3-BF4B-00C04F79EFBC}") = "TipoPagina.Android", "TipoPagina\TipoPagina.Android\TipoPagina.Android.csproj", "{2155B8A6-309A-4E1C-B484-3D5A6FE10BAC}"
EndProject
Project("{FAE04EC0-301F-11D3-BF4B-00C04F79EFBC}") = "TipoPagina.iOS", "TipoPagina\TipoPagina.iOS\TipoPagina.iOS.csproj", "{3C19F575-A76C-43C6-81B6-FEAFC7D63451}"
EndProject
Project("{FAE04EC0-301F-11D3-BF4B-00C04F79EFBC}") = "TipoPagina", "TipoPagina\TipoPagina\TipoPagina.csproj", "{C8253F8D-49C2-4F34-B7A3-61BB27BC501B}"
EndProject
Global
	GlobalSection(SolutionConfigurationPlatforms) = preSolution
		Debug|Any CPU = Debug|Any CPU
		Debug|ARM = Debug|ARM
		Debug|iPhone = Debug|iPhone
		Debug|iPhoneSimulator = Debug|iPhoneSimulator
		Debug|x64 = Debug|x64
		Debug|x86 = Debug|x86
		Release|Any CPU = Release|Any CPU
		Release|ARM = Release|ARM
		Release|iPhone = Release|iPhone
		Release|iPhoneSimulator = Release|iPhoneSimulator
		Release|x64 = Release|x64
		Release|x86 = Release|x86
	EndGlobalSection
	GlobalSection(ProjectConfigurationPlatforms) = postSolution
		{E1D7910F-A29A-448E-B8AA-5C504E01312C}.Debug|Any CPU.ActiveCfg = Debug|x86
		{E1D7910F-A29A-448E-B8AA-5C504E01312C}.Debug|Any CPU.Build.0 = Debug|x86
		{E1D7910F-A29A-448E-B8AA-5C504E01312C}.Debug|Any CPU.Deploy.0 = Debug|x86
		{E1D7910F-A29A-448E-B8AA-5C504E01312C}.Debug|ARM.ActiveCfg = Debug|ARM
		{E1D7910F-A29A-448E-B8AA-5C504E01312C}.Debug|ARM.Build.0 = Debug|ARM
		{E1D7910F-A29A-448E-B8AA-5C504E01312C}.Debug|ARM.Deploy.0 = Debug|ARM
		{E1D7910F-A29A-448E-B8AA-5C504E01312C}.Debug|iPhone.ActiveCfg = Debug|x86
		{E1D7910F-A29A-448E-B8AA-5C504E01312C}.Debug|iPhone.Build.0 = Debug|x86
		{E1D7910F-A29A-448E-B8AA-5C504E01312C}.Debug|iPhone.Deploy.0 = Debug|x86
		{E1D7910F-A29A-448E-B8AA-5C504E01312C}.Debug|iPhoneSimulator.ActiveCfg = Debug|x86
		{E1D7910F-A29A-448E-B8AA-5C504E01312C}.Debug|iPhoneSimulator.Build.0 = Debug|x86
		{E1D7910F-A29A-448E-B8AA-5C504E01312C}.Debug|iPhoneSimulator.Deploy.0 = Debug|x86
		{E1D7910F-A29A-448E-B8AA-5C504E01312C}.Debug|x64.ActiveCfg = Debug|x64
		{E1D7910F-A29A-448E-B8AA-5C504E01312C}.Debug|x64.Build.0 = Debug|x64
		{E1D7910F-A29A-448E-B8AA-5C504E01312C}.Debug|x64.Deploy.0 = Debug|x64
		{E1D7910F-A29A-448E-B8AA-5C504E01312C}.Debug|x86.ActiveCfg = Debug|x86
		{E1D7910F-A29A-448E-B8AA-5C504E01312C}.Debug|x86.Build.0 = Debug|x86
		{E1D7910F-A29A-448E-B8AA-5C504E01312C}.Debug|x86.Deploy.0 = Debug|x86
		{E1D7910F-A29A-448E-B8AA-5C504E01312C}.Release|Any CPU.ActiveCfg = Release|x86
		{E1D7910F-A29A-448E-B8AA-5C504E01312C}.Release|Any CPU.Build.0 = Release|x86
		{E1D7910F-A29A-448E-B8AA-5C504E01312C}.Release|Any CPU.Deploy.0 = Release|x86
		{E1D7910F-A29A-448E-B8AA-5C504E01312C}.Release|ARM.ActiveCfg = Release|ARM
		{E1D7910F-A29A-448E-B8AA-5C504E01312C}.Release|ARM.Build.0 = Release|ARM
		{E1D7910F-A29A-448E-B8AA-5C504E01312C}.Release|ARM.Deploy.0 = Release|ARM
		{E1D7910F-A29A-448E-B8AA-5C504E01312C}.Release|iPhone.ActiveCfg = Release|x86
		{E1D7910F-A29A-448E-B8AA-5C504E01312C}.Release|iPhone.Build.0 = Release|x86
		{E1D7910F-A29A-448E-B8AA-5C504E01312C}.Release|iPhone.Deploy.0 = Release|x86
		{E1D7910F-A29A-448E-B8AA-5C504E01312C}.Release|iPhoneSimulator.ActiveCfg = Release|x86
		{E1D7910F-A29A-448E-B8AA-5C504E01312C}.Release|iPhoneSimulator.Build.0 = Release|x86
		{E1D7910F-A29A-448E-B8AA-5C504E01312C}.Release|iPhoneSimulator.Deploy.0 = Release|x86
		{E1D7910F-A29A-448E-B8AA-5C504E01312C}.Release|x64.ActiveCfg = Release|x64
		{E1D7910F-A29A-448E-B8AA-5C504E01312C}.Release|x64.Build.0 = Release|x64
		{E1D7910F-A29A-448E-B8AA-5C504E01312C}.Release|x64.Deploy.0 = Release|x64
		{E1D7910F-A29A-448E-B8AA-5C504E01312C}.Release|x86.ActiveCfg = Release|x86
		{E1D7910F-A29A-448E-B8AA-5C504E01312C}.Release|x86.Build.0 = Release|x86
		{E1D7910F-A29A-448E-B8AA-5C504E01312C}.Release|x86.Deploy.0 = Release|x86
		{2155B8A6-309A-4E1C-B484-3D5A6FE10BAC}.Debug|Any CPU.ActiveCfg = Debug|Any CPU
		{2155B8A6-309A-4E1C-B484-3D5A6FE10BAC}.Debug|Any CPU.Build.0 = Debug|Any CPU
		{2155B8A6-309A-4E1C-B484-3D5A6FE10BAC}.Debug|Any CPU.Deploy.0 = Debug|Any CPU
		{2155B8A6-309A-4E1C-B484-3D5A6FE10BAC}.Debug|ARM.ActiveCfg = Debug|Any CPU
		{2155B8A6-309A-4E1C-B484-3D5A6FE10BAC}.Debug|ARM.Build.0 = Debug|Any CPU
		{2155B8A6-309A-4E1C-B484-3D5A6FE10BAC}.Debug|ARM.Deploy.0 = Debug|Any CPU
		{2155B8A6-309A-4E1C-B484-3D5A6FE10BAC}.Debug|iPhone.ActiveCfg = Debug|Any CPU
		{2155B8A6-309A-4E1C-B484-3D5A6FE10BAC}.Debug|iPhone.Build.0 = Debug|Any CPU
		{2155B8A6-309A-4E1C-B484-3D5A6FE10BAC}.Debug|iPhone.Deploy.0 = Debug|Any CPU
		{2155B8A6-309A-4E1C-B484-3D5A6FE10BAC}.Debug|iPhoneSimulator.ActiveCfg = Debug|Any CPU
		{2155B8A6-309A-4E1C-B484-3D5A6FE10BAC}.Debug|iPhoneSimulator.Build.0 = Debug|Any CPU
		{2155B8A6-309A-4E1C-B484-3D5A6FE10BAC}.Debug|iPhoneSimulator.Deploy.0 = Debug|Any CPU
		{2155B8A6-309A-4E1C-B484-3D5A6FE10BAC}.Debug|x64.ActiveCfg = Debug|Any CPU
		{2155B8A6-309A-4E1C-B484-3D5A6FE10BAC}.Debug|x64.Build.0 = Debug|Any CPU
		{2155B8A6-309A-4E1C-B484-3D5A6FE10BAC}.Debug|x64.Deploy.0 = Debug|Any CPU
		{2155B8A6-309A-4E1C-B484-3D5A6FE10BAC}.Debug|x86.ActiveCfg = Debug|Any CPU
		{2155B8A6-309A-4E1C-B484-3D5A6FE10BAC}.Debug|x86.Build.0 = Debug|Any CPU
		{2155B8A6-309A-4E1C-B484-3D5A6FE10BAC}.Debug|x86.Deploy.0 = Debug|Any CPU
		{2155B8A6-309A-4E1C-B484-3D5A6FE10BAC}.Release|Any CPU.ActiveCfg = Release|Any CPU
		{2155B8A6-309A-4E1C-B484-3D5A6FE10BAC}.Release|Any CPU.Build.0 = Release|Any CPU
		{2155B8A6-309A-4E1C-B484-3D5A6FE10BAC}.Release|Any CPU.Deploy.0 = Release|Any CPU
		{2155B8A6-309A-4E1C-B484-3D5A6FE10BAC}.Release|ARM.ActiveCfg = Release|Any CPU
		{2155B8A6-309A-4E1C-B484-3D5A6FE10BAC}.Release|ARM.Build.0 = Release|Any CPU
		{2155B8A6-309A-4E1C-B484-3D5A6FE10BAC}.Release|ARM.Deploy.0 = Release|Any CPU
		{2155B8A6-309A-4E1C-B484-3D5A6FE10BAC}.Release|iPhone.ActiveCfg = Release|Any CPU
		{2155B8A6-309A-4E1C-B484-3D5A6FE10BAC}.Release|iPhone.Build.0 = Release|Any CPU
		{2155B8A6-309A-4E1C-B484-3D5A6FE10BAC}.Release|iPhone.Deploy.0 = Release|Any CPU
		{2155B8A6-309A-4E1C-B484-3D5A6FE10BAC}.Release|iPhoneSimulator.ActiveCfg = Release|Any CPU
		{2155B8A6-309A-4E1C-B484-3D5A6FE10BAC}.Release|iPhoneSimulator.Build.0 = Release|Any CPU
		{2155B8A6-309A-4E1C-B484-3D5A6FE10BAC}.Release|iPhoneSimulator.Deploy.0 = Release|Any CPU
		{2155B8A6-309A-4E1C-B484-3D5A6FE10BAC}.Release|x64.ActiveCfg = Release|Any CPU
		{2155B8A6-309A-4E1C-B484-3D5A6FE10BAC}.Release|x64.Build.0 = Release|Any CPU
		{2155B8A6-309A-4E1C-B484-3D5A6FE10BAC}.Release|x64.Deploy.0 = Release|Any CPU
		{2155B8A6-309A-4E1C-B484-3D5A6FE10BAC}.Release|x86.ActiveCfg = Release|Any CPU
		{2155B8A6-309A-4E1C-B484-3D5A6FE10BAC}.Release|x86.Build.0 = Release|Any CPU
		{2155B8A6-309A-4E1C-B484-3D5A6FE10BAC}.Release|x86.Deploy.0 = Release|Any CPU
		{3C19F575-A76C-43C6-81B6-FEAFC7D63451}.Debug|Any CPU.ActiveCfg = Debug|iPhone
		{3C19F575-A76C-43C6-81B6-FEAFC7D63451}.Debug|Any CPU.Build.0 = Debug|iPhone
		{3C19F575-A76C-43C6-81B6-FEAFC7D63451}.Debug|Any CPU.Deploy.0 = Debug|iPhone
		{3C19F575-A76C-43C6-81B6-FEAFC7D63451}.Debug|ARM.ActiveCfg = Debug|iPhoneSimulator
		{3C19F575-A76C-43C6-81B6-FEAFC7D63451}.Debug|ARM.Build.0 = Debug|iPhoneSimulator
		{3C19F575-A76C-43C6-81B6-FEAFC7D63451}.Debug|ARM.Deploy.0 = Debug|iPhoneSimulator
		{3C19F575-A76C-43C6-81B6-FEAFC7D63451}.Debug|iPhone.ActiveCfg = Debug|iPhone
		{3C19F575-A76C-43C6-81B6-FEAFC7D63451}.Debug|iPhone.Build.0 = Debug|iPhone
		{3C19F575-A76C-43C6-81B6-FEAFC7D63451}.Debug|iPhone.Deploy.0 = Debug|iPhone
		{3C19F575-A76C-43C6-81B6-FEAFC7D63451}.Debug|iPhoneSimulator.ActiveCfg = Debug|iPhoneSimulator
		{3C19F575-A76C-43C6-81B6-FEAFC7D63451}.Debug|iPhoneSimulator.Build.0 = Debug|iPhoneSimulator
		{3C19F575-A76C-43C6-81B6-FEAFC7D63451}.Debug|iPhoneSimulator.Deploy.0 = Debug|iPhoneSimulator
		{3C19F575-A76C-43C6-81B6-FEAFC7D63451}.Debug|x64.ActiveCfg = Debug|iPhone
		{3C19F575-A76C-43C6-81B6-FEAFC7D63451}.Debug|x64.Build.0 = Debug|iPhone
		{3C19F575-A76C-43C6-81B6-FEAFC7D63451}.Debug|x64.Deploy.0 = Debug|iPhone
		{3C19F575-A76C-43C6-81B6-FEAFC7D63451}.Debug|x86.ActiveCfg = Debug|iPhone
		{3C19F575-A76C-43C6-81B6-FEAFC7D63451}.Debug|x86.Build.0 = Debug|iPhone
		{3C19F575-A76C-43C6-81B6-FEAFC7D63451}.Debug|x86.Deploy.0 = Debug|iPhone
		{3C19F575-A76C-43C6-81B6-FEAFC7D63451}.Release|Any CPU.ActiveCfg = Release|iPhone
		{3C19F575-A76C-43C6-81B6-FEAFC7D63451}.Release|Any CPU.Build.0 = Release|iPhone
		{3C19F575-A76C-43C6-81B6-FEAFC7D63451}.Release|Any CPU.Deploy.0 = Release|iPhone
		{3C19F575-A76C-43C6-81B6-FEAFC7D63451}.Release|ARM.ActiveCfg = Release|iPhone
		{3C19F575-A76C-43C6-81B6-FEAFC7D63451}.Release|ARM.Build.0 = Release|iPhone
		{3C19F575-A76C-43C6-81B6-FEAFC7D63451}.Release|ARM.Deploy.0 = Release|iPhone
		{3C19F575-A76C-43C6-81B6-FEAFC7D63451}.Release|iPhone.ActiveCfg = Release|iPhone
		{3C19F575-A76C-43C6-81B6-FEAFC7D63451}.Release|iPhone.Build.0 = Release|iPhone
		{3C19F575-A76C-43C6-81B6-FEAFC7D63451}.Release|iPhone.Deploy.0 = Release|iPhone
		{3C19F575-A76C-43C6-81B6-FEAFC7D63451}.Release|iPhoneSimulator.ActiveCfg = Release|iPhoneSimulator
		{3C19F575-A76C-43C6-81B6-FEAFC7D63451}.Release|iPhoneSimulator.Build.0 = Release|iPhoneSimulator
		{3C19F575-A76C-43C6-81B6-FEAFC7D63451}.Release|iPhoneSimulator.Deploy.0 = Release|iPhoneSimulator
		{3C19F575-A76C-43C6-81B6-FEAFC7D63451}.Release|x64.ActiveCfg = Release|iPhone
		{3C19F575-A76C-43C6-81B6-FEAFC7D63451}.Release|x64.Build.0 = Release|iPhone
		{3C19F575-A76C-43C6-81B6-FEAFC7D63451}.Release|x64.Deploy.0 = Release|iPhone
		{3C19F575-A76C-43C6-81B6-FEAFC7D63451}.Release|x86.ActiveCfg = Release|iPhone
		{3C19F575-A76C-43C6-81B6-FEAFC7D63451}.Release|x86.Build.0 = Release|iPhone
		{3C19F575-A76C-43C6-81B6-FEAFC7D63451}.Release|x86.Deploy.0 = Release|iPhone
		{C8253F8D-49C2-4F34-B7A3-61BB27BC501B}.Debug|Any CPU.ActiveCfg = Debug|Any CPU
		{C8253F8D-49C2-4F34-B7A3-61BB27BC501B}.Debug|Any CPU.Build.0 = Debug|Any CPU
		{C8253F8D-49C2-4F34-B7A3-61BB27BC501B}.Debug|Any CPU.Deploy.0 = Debug|Any CPU
		{C8253F8D-49C2-4F34-B7A3-61BB27BC501B}.Debug|ARM.ActiveCfg = Debug|Any CPU
		{C8253F8D-49C2-4F34-B7A3-61BB27BC501B}.Debug|ARM.Build.0 = Debug|Any CPU
		{C8253F8D-49C2-4F34-B7A3-61BB27BC501B}.Debug|ARM.Deploy.0 = Debug|Any CPU
		{C8253F8D-49C2-4F34-B7A3-61BB27BC501B}.Debug|iPhone.ActiveCfg = Debug|Any CPU
		{C8253F8D-49C2-4F34-B7A3-61BB27BC501B}.Debug|iPhone.Build.0 = Debug|Any CPU
		{C8253F8D-49C2-4F34-B7A3-61BB27BC501B}.Debug|iPhone.Deploy.0 = Debug|Any CPU
		{C8253F8D-49C2-4F34-B7A3-61BB27BC501B}.Debug|iPhoneSimulator.ActiveCfg = Debug|Any CPU
		{C8253F8D-49C2-4F34-B7A3-61BB27BC501B}.Debug|iPhoneSimulator.Build.0 = Debug|Any CPU
		{C8253F8D-49C2-4F34-B7A3-61BB27BC501B}.Debug|iPhoneSimulator.Deploy.0 = Debug|Any CPU
		{C8253F8D-49C2-4F34-B7A3-61BB27BC501B}.Debug|x64.ActiveCfg = Debug|Any CPU
		{C8253F8D-49C2-4F34-B7A3-61BB27BC501B}.Debug|x64.Build.0 = Debug|Any CPU
		{C8253F8D-49C2-4F34-B7A3-61BB27BC501B}.Debug|x64.Deploy.0 = Debug|Any CPU
		{C8253F8D-49C2-4F34-B7A3-61BB27BC501B}.Debug|x86.ActiveCfg = Debug|Any CPU
		{C8253F8D-49C2-4F34-B7A3-61BB27BC501B}.Debug|x86.Build.0 = Debug|Any CPU
		{C8253F8D-49C2-4F34-B7A3-61BB27BC501B}.Debug|x86.Deploy.0 = Debug|Any CPU
		{C8253F8D-49C2-4F34-B7A3-61BB27BC501B}.Release|Any CPU.ActiveCfg = Release|Any CPU
		{C8253F8D-49C2-4F34-B7A3-61BB27BC501B}.Release|Any CPU.Build.0 = Release|Any CPU
		{C8253F8D-49C2-4F34-B7A3-61BB27BC501B}.Release|Any CPU.Deploy.0 = Release|Any CPU
		{C8253F8D-49C2-4F34-B7A3-61BB27BC501B}.Release|ARM.ActiveCfg = Release|Any CPU
		{C8253F8D-49C2-4F34-B7A3-61BB27BC501B}.Release|ARM.Build.0 = Release|Any CPU
		{C8253F8D-49C2-4F34-B7A3-61BB27BC501B}.Release|ARM.Deploy.0 = Release|Any CPU
		{C8253F8D-49C2-4F34-B7A3-61BB27BC501B}.Release|iPhone.ActiveCfg = Release|Any CPU
		{C8253F8D-49C2-4F34-B7A3-61BB27BC501B}.Release|iPhone.Build.0 = Release|Any CPU
		{C8253F8D-49C2-4F34-B7A3-61BB27BC501B}.Release|iPhone.Deploy.0 = Release|Any CPU
		{C8253F8D-49C2-4F34-B7A3-61BB27BC501B}.Release|iPhoneSimulator.ActiveCfg = Release|Any CPU
		{C8253F8D-49C2-4F34-B7A3-61BB27BC501B}.Release|iPhoneSimulator.Build.0 = Release|Any CPU
		{C8253F8D-49C2-4F34-B7A3-61BB27BC501B}.Release|iPhoneSimulator.Deploy.0 = Release|Any CPU
		{C8253F8D-49C2-4F34-B7A3-61BB27BC501B}.Release|x64.ActiveCfg = Release|Any CPU
		{C8253F8D-49C2-4F34-B7A3-61BB27BC501B}.Release|x64.Build.0 = Release|Any CPU
		{C8253F8D-49C2-4F34-B7A3-61BB27BC501B}.Release|x64.Deploy.0 = Release|Any CPU
		{C8253F8D-49C2-4F34-B7A3-61BB27BC501B}.Release|x86.ActiveCfg = Release|Any CPU
		{C8253F8D-49C2-4F34-B7A3-61BB27BC501B}.Release|x86.Build.0 = Release|Any CPU
		{C8253F8D-49C2-4F34-B7A3-61BB27BC501B}.Release|x86.Deploy.0 = Release|Any CPU
	EndGlobalSection
	GlobalSection(SolutionProperties) = preSolution
		HideSolutionNode = FALSE
	EndGlobalSection
	GlobalSection(ExtensibilityGlobals) = postSolution
		SolutionGuid = {506F9654-2288-48FA-9E4F-346921324A3B}
	EndGlobalSection
EndGlobal
